// !$*UTF8*$!
{
	archiveVersion = 1;
	classes = {
	};
	objectVersion = 55;
	objects = {

/* Begin PBXBuildFile section */
		490BD94129D2754C001C21EB /* WelcomeViewController.swift in Sources */ = {isa = PBXBuildFile; fileRef = 490BD94029D2754C001C21EB /* WelcomeViewController.swift */; };
		490BD94329D27590001C21EB /* Constants.swift in Sources */ = {isa = PBXBuildFile; fileRef = 490BD94229D27590001C21EB /* Constants.swift */; };
		490BD94529D2791B001C21EB /* SignUpViewController.swift in Sources */ = {isa = PBXBuildFile; fileRef = 490BD94429D2791B001C21EB /* SignUpViewController.swift */; };
		490BD94729D27CB1001C21EB /* LogInViewController.swift in Sources */ = {isa = PBXBuildFile; fileRef = 490BD94629D27CB1001C21EB /* LogInViewController.swift */; };
		490BD94929D27F12001C21EB /* ChatUserData.swift in Sources */ = {isa = PBXBuildFile; fileRef = 490BD94829D27F12001C21EB /* ChatUserData.swift */; };
		490BD94B29D27F34001C21EB /* ChatUser.swift in Sources */ = {isa = PBXBuildFile; fileRef = 490BD94A29D27F34001C21EB /* ChatUser.swift */; };
		490BD94E29D2818C001C21EB /* UIImage.swift in Sources */ = {isa = PBXBuildFile; fileRef = 490BD94D29D2818C001C21EB /* UIImage.swift */; };
		490BD95029D2886F001C21EB /* NewUserDataViewController.swift in Sources */ = {isa = PBXBuildFile; fileRef = 490BD94F29D2886F001C21EB /* NewUserDataViewController.swift */; };
		490BD95229D288B7001C21EB /* String.swift in Sources */ = {isa = PBXBuildFile; fileRef = 490BD95129D288B7001C21EB /* String.swift */; };
		4913353F29D3955A0079F324 /* UIColor.swift in Sources */ = {isa = PBXBuildFile; fileRef = 4913353E29D3955A0079F324 /* UIColor.swift */; };
		4913354129D3962B0079F324 /* ProfileViewController.swift in Sources */ = {isa = PBXBuildFile; fileRef = 4913354029D3962B0079F324 /* ProfileViewController.swift */; };
		492BC26729D2062700693157 /* AppDelegate.swift in Sources */ = {isa = PBXBuildFile; fileRef = 492BC26629D2062700693157 /* AppDelegate.swift */; };
		492BC26929D2062700693157 /* SceneDelegate.swift in Sources */ = {isa = PBXBuildFile; fileRef = 492BC26829D2062700693157 /* SceneDelegate.swift */; };
		492BC26B29D2062700693157 /* ViewController.swift in Sources */ = {isa = PBXBuildFile; fileRef = 492BC26A29D2062700693157 /* ViewController.swift */; };
		492BC26E29D2062700693157 /* Main.storyboard in Resources */ = {isa = PBXBuildFile; fileRef = 492BC26C29D2062700693157 /* Main.storyboard */; };
		492BC27029D2062900693157 /* Assets.xcassets in Resources */ = {isa = PBXBuildFile; fileRef = 492BC26F29D2062900693157 /* Assets.xcassets */; };
		492BC27329D2062900693157 /* LaunchScreen.storyboard in Resources */ = {isa = PBXBuildFile; fileRef = 492BC27129D2062900693157 /* LaunchScreen.storyboard */; };
		49FBBAF429D2417900BDDA62 /* Colors.xcassets in Resources */ = {isa = PBXBuildFile; fileRef = 49FBBAF329D2417900BDDA62 /* Colors.xcassets */; };
		49FBBAF629D243B100BDDA62 /* MainScreens.storyboard in Resources */ = {isa = PBXBuildFile; fileRef = 49FBBAF529D243B100BDDA62 /* MainScreens.storyboard */; };
		AD8C38BCEFBDAA44D42D5F70 /* Pods_MovieSearch.framework in Frameworks */ = {isa = PBXBuildFile; fileRef = B83AB8FE325113ACAA350338 /* Pods_MovieSearch.framework */; };
/* End PBXBuildFile section */

/* Begin PBXFileReference section */
		490BD94029D2754C001C21EB /* WelcomeViewController.swift */ = {isa = PBXFileReference; lastKnownFileType = sourcecode.swift; path = WelcomeViewController.swift; sourceTree = "<group>"; };
		490BD94229D27590001C21EB /* Constants.swift */ = {isa = PBXFileReference; lastKnownFileType = sourcecode.swift; path = Constants.swift; sourceTree = "<group>"; };
		490BD94429D2791B001C21EB /* SignUpViewController.swift */ = {isa = PBXFileReference; lastKnownFileType = sourcecode.swift; path = SignUpViewController.swift; sourceTree = "<group>"; };
		490BD94629D27CB1001C21EB /* LogInViewController.swift */ = {isa = PBXFileReference; lastKnownFileType = sourcecode.swift; path = LogInViewController.swift; sourceTree = "<group>"; };
		490BD94829D27F12001C21EB /* ChatUserData.swift */ = {isa = PBXFileReference; lastKnownFileType = sourcecode.swift; path = ChatUserData.swift; sourceTree = "<group>"; };
		490BD94A29D27F34001C21EB /* ChatUser.swift */ = {isa = PBXFileReference; lastKnownFileType = sourcecode.swift; path = ChatUser.swift; sourceTree = "<group>"; };
		490BD94D29D2818C001C21EB /* UIImage.swift */ = {isa = PBXFileReference; lastKnownFileType = sourcecode.swift; path = UIImage.swift; sourceTree = "<group>"; };
		490BD94F29D2886F001C21EB /* NewUserDataViewController.swift */ = {isa = PBXFileReference; lastKnownFileType = sourcecode.swift; path = NewUserDataViewController.swift; sourceTree = "<group>"; };
		490BD95129D288B7001C21EB /* String.swift */ = {isa = PBXFileReference; lastKnownFileType = sourcecode.swift; path = String.swift; sourceTree = "<group>"; };
		4913353E29D3955A0079F324 /* UIColor.swift */ = {isa = PBXFileReference; lastKnownFileType = sourcecode.swift; path = UIColor.swift; sourceTree = "<group>"; };
		4913354029D3962B0079F324 /* ProfileViewController.swift */ = {isa = PBXFileReference; lastKnownFileType = sourcecode.swift; path = ProfileViewController.swift; sourceTree = "<group>"; };
		492BC26329D2062700693157 /* MovieSearch.app */ = {isa = PBXFileReference; explicitFileType = wrapper.application; includeInIndex = 0; path = MovieSearch.app; sourceTree = BUILT_PRODUCTS_DIR; };
		492BC26629D2062700693157 /* AppDelegate.swift */ = {isa = PBXFileReference; lastKnownFileType = sourcecode.swift; path = AppDelegate.swift; sourceTree = "<group>"; };
		492BC26829D2062700693157 /* SceneDelegate.swift */ = {isa = PBXFileReference; lastKnownFileType = sourcecode.swift; path = SceneDelegate.swift; sourceTree = "<group>"; };
		492BC26A29D2062700693157 /* ViewController.swift */ = {isa = PBXFileReference; lastKnownFileType = sourcecode.swift; path = ViewController.swift; sourceTree = "<group>"; };
		492BC26D29D2062700693157 /* Base */ = {isa = PBXFileReference; lastKnownFileType = file.storyboard; name = Base; path = Base.lproj/Main.storyboard; sourceTree = "<group>"; };
		492BC26F29D2062900693157 /* Assets.xcassets */ = {isa = PBXFileReference; lastKnownFileType = folder.assetcatalog; path = Assets.xcassets; sourceTree = "<group>"; };
		492BC27229D2062900693157 /* Base */ = {isa = PBXFileReference; lastKnownFileType = file.storyboard; name = Base; path = Base.lproj/LaunchScreen.storyboard; sourceTree = "<group>"; };
		492BC27429D2062900693157 /* Info.plist */ = {isa = PBXFileReference; lastKnownFileType = text.plist.xml; path = Info.plist; sourceTree = "<group>"; };
		49FBBAF329D2417900BDDA62 /* Colors.xcassets */ = {isa = PBXFileReference; lastKnownFileType = folder.assetcatalog; path = Colors.xcassets; sourceTree = "<group>"; };
		49FBBAF529D243B100BDDA62 /* MainScreens.storyboard */ = {isa = PBXFileReference; lastKnownFileType = file.storyboard; path = MainScreens.storyboard; sourceTree = "<group>"; };
		93306FA5B1A7F287F9BC70A7 /* Pods-MovieSearch.release.xcconfig */ = {isa = PBXFileReference; includeInIndex = 1; lastKnownFileType = text.xcconfig; name = "Pods-MovieSearch.release.xcconfig"; path = "Target Support Files/Pods-MovieSearch/Pods-MovieSearch.release.xcconfig"; sourceTree = "<group>"; };
		AC5D5525AEEAC282F299862A /* Pods-MovieSearch.debug.xcconfig */ = {isa = PBXFileReference; includeInIndex = 1; lastKnownFileType = text.xcconfig; name = "Pods-MovieSearch.debug.xcconfig"; path = "Target Support Files/Pods-MovieSearch/Pods-MovieSearch.debug.xcconfig"; sourceTree = "<group>"; };
		B83AB8FE325113ACAA350338 /* Pods_MovieSearch.framework */ = {isa = PBXFileReference; explicitFileType = wrapper.framework; includeInIndex = 0; path = Pods_MovieSearch.framework; sourceTree = BUILT_PRODUCTS_DIR; };
/* End PBXFileReference section */

/* Begin PBXFrameworksBuildPhase section */
		492BC26029D2062700693157 /* Frameworks */ = {
			isa = PBXFrameworksBuildPhase;
			buildActionMask = 2147483647;
			files = (
				AD8C38BCEFBDAA44D42D5F70 /* Pods_MovieSearch.framework in Frameworks */,
			);
			runOnlyForDeploymentPostprocessing = 0;
		};
/* End PBXFrameworksBuildPhase section */

/* Begin PBXGroup section */
		490BD94C29D2816C001C21EB /* Extensions */ = {
			isa = PBXGroup;
			children = (
				490BD94D29D2818C001C21EB /* UIImage.swift */,
				490BD95129D288B7001C21EB /* String.swift */,
				4913353E29D3955A0079F324 /* UIColor.swift */,
			);
			path = Extensions;
			sourceTree = "<group>";
		};
		492BC25A29D2062700693157 = {
			isa = PBXGroup;
			children = (
				492BC26529D2062700693157 /* MovieSearch */,
				492BC26429D2062700693157 /* Products */,
				95FDBF1845070674A2FDE2C8 /* Pods */,
				574D12F2D835262B53BC4E51 /* Frameworks */,
			);
			sourceTree = "<group>";
		};
		492BC26429D2062700693157 /* Products */ = {
			isa = PBXGroup;
			children = (
				492BC26329D2062700693157 /* MovieSearch.app */,
			);
			name = Products;
			sourceTree = "<group>";
		};
		492BC26529D2062700693157 /* MovieSearch */ = {
			isa = PBXGroup;
			children = (
				492BC26629D2062700693157 /* AppDelegate.swift */,
				492BC26829D2062700693157 /* SceneDelegate.swift */,
				49FBBAF729D26C9E00BDDA62 /* Models */,
				49FBBAF829D26CB600BDDA62 /* Views */,
				49FBBAF929D26CC200BDDA62 /* Controllers */,
				490BD94C29D2816C001C21EB /* Extensions */,
				492BC26F29D2062900693157 /* Assets.xcassets */,
				492BC27129D2062900693157 /* LaunchScreen.storyboard */,
				492BC27429D2062900693157 /* Info.plist */,
				49FBBAF329D2417900BDDA62 /* Colors.xcassets */,
				490BD94229D27590001C21EB /* Constants.swift */,
			);
			path = MovieSearch;
			sourceTree = "<group>";
		};
		49FBBAF729D26C9E00BDDA62 /* Models */ = {
			isa = PBXGroup;
			children = (
				490BD94829D27F12001C21EB /* ChatUserData.swift */,
				490BD94A29D27F34001C21EB /* ChatUser.swift */,
			);
			path = Models;
			sourceTree = "<group>";
		};
		49FBBAF829D26CB600BDDA62 /* Views */ = {
			isa = PBXGroup;
			children = (
				492BC26C29D2062700693157 /* Main.storyboard */,
				49FBBAF529D243B100BDDA62 /* MainScreens.storyboard */,
			);
			path = Views;
			sourceTree = "<group>";
		};
		49FBBAF929D26CC200BDDA62 /* Controllers */ = {
			isa = PBXGroup;
			children = (
				492BC26A29D2062700693157 /* ViewController.swift */,
				490BD94029D2754C001C21EB /* WelcomeViewController.swift */,
				490BD94429D2791B001C21EB /* SignUpViewController.swift */,
				490BD94629D27CB1001C21EB /* LogInViewController.swift */,
				490BD94F29D2886F001C21EB /* NewUserDataViewController.swift */,
				4913354029D3962B0079F324 /* ProfileViewController.swift */,
			);
			path = Controllers;
			sourceTree = "<group>";
		};
		574D12F2D835262B53BC4E51 /* Frameworks */ = {
			isa = PBXGroup;
			children = (
				B83AB8FE325113ACAA350338 /* Pods_MovieSearch.framework */,
			);
			name = Frameworks;
			sourceTree = "<group>";
		};
		95FDBF1845070674A2FDE2C8 /* Pods */ = {
			isa = PBXGroup;
			children = (
				AC5D5525AEEAC282F299862A /* Pods-MovieSearch.debug.xcconfig */,
				93306FA5B1A7F287F9BC70A7 /* Pods-MovieSearch.release.xcconfig */,
			);
			path = Pods;
			sourceTree = "<group>";
		};
/* End PBXGroup section */

/* Begin PBXNativeTarget section */
		492BC26229D2062700693157 /* MovieSearch */ = {
			isa = PBXNativeTarget;
			buildConfigurationList = 492BC27729D2062900693157 /* Build configuration list for PBXNativeTarget "MovieSearch" */;
			buildPhases = (
				68EB21F96538F6A50214413F /* [CP] Check Pods Manifest.lock */,
				492BC25F29D2062700693157 /* Sources */,
				492BC26029D2062700693157 /* Frameworks */,
				492BC26129D2062700693157 /* Resources */,
				F29635F0B32787730938D813 /* [CP] Embed Pods Frameworks */,
			);
			buildRules = (
			);
			dependencies = (
			);
			name = MovieSearch;
			productName = MovieSearch;
			productReference = 492BC26329D2062700693157 /* MovieSearch.app */;
			productType = "com.apple.product-type.application";
		};
/* End PBXNativeTarget section */

/* Begin PBXProject section */
		492BC25B29D2062700693157 /* Project object */ = {
			isa = PBXProject;
			attributes = {
				BuildIndependentTargetsInParallel = 1;
				LastSwiftUpdateCheck = 1420;
				LastUpgradeCheck = 1420;
				TargetAttributes = {
					492BC26229D2062700693157 = {
						CreatedOnToolsVersion = 14.2;
					};
				};
			};
			buildConfigurationList = 492BC25E29D2062700693157 /* Build configuration list for PBXProject "MovieSearch" */;
			compatibilityVersion = "Xcode 13.0";
			developmentRegion = en;
			hasScannedForEncodings = 0;
			knownRegions = (
				en,
				Base,
			);
			mainGroup = 492BC25A29D2062700693157;
			productRefGroup = 492BC26429D2062700693157 /* Products */;
			projectDirPath = "";
			projectRoot = "";
			targets = (
				492BC26229D2062700693157 /* MovieSearch */,
			);
		};
/* End PBXProject section */

/* Begin PBXResourcesBuildPhase section */
		492BC26129D2062700693157 /* Resources */ = {
			isa = PBXResourcesBuildPhase;
			buildActionMask = 2147483647;
			files = (
				492BC27329D2062900693157 /* LaunchScreen.storyboard in Resources */,
				49FBBAF429D2417900BDDA62 /* Colors.xcassets in Resources */,
				492BC27029D2062900693157 /* Assets.xcassets in Resources */,
				49FBBAF629D243B100BDDA62 /* MainScreens.storyboard in Resources */,
				492BC26E29D2062700693157 /* Main.storyboard in Resources */,
			);
			runOnlyForDeploymentPostprocessing = 0;
		};
/* End PBXResourcesBuildPhase section */

/* Begin PBXShellScriptBuildPhase section */
		68EB21F96538F6A50214413F /* [CP] Check Pods Manifest.lock */ = {
			isa = PBXShellScriptBuildPhase;
			buildActionMask = 2147483647;
			files = (
			);
			inputFileListPaths = (
			);
			inputPaths = (
				"${PODS_PODFILE_DIR_PATH}/Podfile.lock",
				"${PODS_ROOT}/Manifest.lock",
			);
			name = "[CP] Check Pods Manifest.lock";
			outputFileListPaths = (
			);
			outputPaths = (
				"$(DERIVED_FILE_DIR)/Pods-MovieSearch-checkManifestLockResult.txt",
			);
			runOnlyForDeploymentPostprocessing = 0;
			shellPath = /bin/sh;
			shellScript = "diff \"${PODS_PODFILE_DIR_PATH}/Podfile.lock\" \"${PODS_ROOT}/Manifest.lock\" > /dev/null\nif [ $? != 0 ] ; then\n    # print error to STDERR\n    echo \"error: The sandbox is not in sync with the Podfile.lock. Run 'pod install' or update your CocoaPods installation.\" >&2\n    exit 1\nfi\n# This output is used by Xcode 'outputs' to avoid re-running this script phase.\necho \"SUCCESS\" > \"${SCRIPT_OUTPUT_FILE_0}\"\n";
			showEnvVarsInLog = 0;
		};
		F29635F0B32787730938D813 /* [CP] Embed Pods Frameworks */ = {
			isa = PBXShellScriptBuildPhase;
			buildActionMask = 2147483647;
			files = (
			);
			inputFileListPaths = (
				"${PODS_ROOT}/Target Support Files/Pods-MovieSearch/Pods-MovieSearch-frameworks-${CONFIGURATION}-input-files.xcfilelist",
			);
			name = "[CP] Embed Pods Frameworks";
			outputFileListPaths = (
				"${PODS_ROOT}/Target Support Files/Pods-MovieSearch/Pods-MovieSearch-frameworks-${CONFIGURATION}-output-files.xcfilelist",
			);
			runOnlyForDeploymentPostprocessing = 0;
			shellPath = /bin/sh;
			shellScript = "\"${PODS_ROOT}/Target Support Files/Pods-MovieSearch/Pods-MovieSearch-frameworks.sh\"\n";
			showEnvVarsInLog = 0;
		};
/* End PBXShellScriptBuildPhase section */

/* Begin PBXSourcesBuildPhase section */
		492BC25F29D2062700693157 /* Sources */ = {
			isa = PBXSourcesBuildPhase;
			buildActionMask = 2147483647;
			files = (
				490BD95029D2886F001C21EB /* NewUserDataViewController.swift in Sources */,
				490BD94529D2791B001C21EB /* SignUpViewController.swift in Sources */,
				490BD94E29D2818C001C21EB /* UIImage.swift in Sources */,
				490BD94329D27590001C21EB /* Constants.swift in Sources */,
				4913354129D3962B0079F324 /* ProfileViewController.swift in Sources */,
				492BC26B29D2062700693157 /* ViewController.swift in Sources */,
				490BD94B29D27F34001C21EB /* ChatUser.swift in Sources */,
				490BD95229D288B7001C21EB /* String.swift in Sources */,
				490BD94729D27CB1001C21EB /* LogInViewController.swift in Sources */,
				490BD94129D2754C001C21EB /* WelcomeViewController.swift in Sources */,
				4913353F29D3955A0079F324 /* UIColor.swift in Sources */,
				492BC26729D2062700693157 /* AppDelegate.swift in Sources */,
				490BD94929D27F12001C21EB /* ChatUserData.swift in Sources */,
				492BC26929D2062700693157 /* SceneDelegate.swift in Sources */,
			);
			runOnlyForDeploymentPostprocessing = 0;
		};
/* End PBXSourcesBuildPhase section */

/* Begin PBXVariantGroup section */
		492BC26C29D2062700693157 /* Main.storyboard */ = {
			isa = PBXVariantGroup;
			children = (
				492BC26D29D2062700693157 /* Base */,
			);
			name = Main.storyboard;
			sourceTree = "<group>";
		};
		492BC27129D2062900693157 /* LaunchScreen.storyboard */ = {
			isa = PBXVariantGroup;
			children = (
				492BC27229D2062900693157 /* Base */,
			);
			name = LaunchScreen.storyboard;
			sourceTree = "<group>";
		};
/* End PBXVariantGroup section */

/* Begin XCBuildConfiguration section */
		492BC27529D2062900693157 /* Debug */ = {
			isa = XCBuildConfiguration;
			buildSettings = {
				ALWAYS_SEARCH_USER_PATHS = NO;
				CLANG_ANALYZER_NONNULL = YES;
				CLANG_ANALYZER_NUMBER_OBJECT_CONVERSION = YES_AGGRESSIVE;
				CLANG_CXX_LANGUAGE_STANDARD = "gnu++20";
				CLANG_ENABLE_MODULES = YES;
				CLANG_ENABLE_OBJC_ARC = YES;
				CLANG_ENABLE_OBJC_WEAK = YES;
				CLANG_WARN_BLOCK_CAPTURE_AUTORELEASING = YES;
				CLANG_WARN_BOOL_CONVERSION = YES;
				CLANG_WARN_COMMA = YES;
				CLANG_WARN_CONSTANT_CONVERSION = YES;
				CLANG_WARN_DEPRECATED_OBJC_IMPLEMENTATIONS = YES;
				CLANG_WARN_DIRECT_OBJC_ISA_USAGE = YES_ERROR;
				CLANG_WARN_DOCUMENTATION_COMMENTS = YES;
				CLANG_WARN_EMPTY_BODY = YES;
				CLANG_WARN_ENUM_CONVERSION = YES;
				CLANG_WARN_INFINITE_RECURSION = YES;
				CLANG_WARN_INT_CONVERSION = YES;
				CLANG_WARN_NON_LITERAL_NULL_CONVERSION = YES;
				CLANG_WARN_OBJC_IMPLICIT_RETAIN_SELF = YES;
				CLANG_WARN_OBJC_LITERAL_CONVERSION = YES;
				CLANG_WARN_OBJC_ROOT_CLASS = YES_ERROR;
				CLANG_WARN_QUOTED_INCLUDE_IN_FRAMEWORK_HEADER = YES;
				CLANG_WARN_RANGE_LOOP_ANALYSIS = YES;
				CLANG_WARN_STRICT_PROTOTYPES = YES;
				CLANG_WARN_SUSPICIOUS_MOVE = YES;
				CLANG_WARN_UNGUARDED_AVAILABILITY = YES_AGGRESSIVE;
				CLANG_WARN_UNREACHABLE_CODE = YES;
				CLANG_WARN__DUPLICATE_METHOD_MATCH = YES;
				COPY_PHASE_STRIP = NO;
				DEBUG_INFORMATION_FORMAT = dwarf;
				ENABLE_STRICT_OBJC_MSGSEND = YES;
				ENABLE_TESTABILITY = YES;
				GCC_C_LANGUAGE_STANDARD = gnu11;
				GCC_DYNAMIC_NO_PIC = NO;
				GCC_NO_COMMON_BLOCKS = YES;
				GCC_OPTIMIZATION_LEVEL = 0;
				GCC_PREPROCESSOR_DEFINITIONS = (
					"DEBUG=1",
					"$(inherited)",
				);
				GCC_WARN_64_TO_32_BIT_CONVERSION = YES;
				GCC_WARN_ABOUT_RETURN_TYPE = YES_ERROR;
				GCC_WARN_UNDECLARED_SELECTOR = YES;
				GCC_WARN_UNINITIALIZED_AUTOS = YES_AGGRESSIVE;
				GCC_WARN_UNUSED_FUNCTION = YES;
				GCC_WARN_UNUSED_VARIABLE = YES;
				IPHONEOS_DEPLOYMENT_TARGET = 16.2;
				MTL_ENABLE_DEBUG_INFO = INCLUDE_SOURCE;
				MTL_FAST_MATH = YES;
				ONLY_ACTIVE_ARCH = YES;
				SDKROOT = iphoneos;
				SWIFT_ACTIVE_COMPILATION_CONDITIONS = DEBUG;
				SWIFT_OPTIMIZATION_LEVEL = "-Onone";
			};
			name = Debug;
		};
		492BC27629D2062900693157 /* Release */ = {
			isa = XCBuildConfiguration;
			buildSettings = {
				ALWAYS_SEARCH_USER_PATHS = NO;
				CLANG_ANALYZER_NONNULL = YES;
				CLANG_ANALYZER_NUMBER_OBJECT_CONVERSION = YES_AGGRESSIVE;
				CLANG_CXX_LANGUAGE_STANDARD = "gnu++20";
				CLANG_ENABLE_MODULES = YES;
				CLANG_ENABLE_OBJC_ARC = YES;
				CLANG_ENABLE_OBJC_WEAK = YES;
				CLANG_WARN_BLOCK_CAPTURE_AUTORELEASING = YES;
				CLANG_WARN_BOOL_CONVERSION = YES;
				CLANG_WARN_COMMA = YES;
				CLANG_WARN_CONSTANT_CONVERSION = YES;
				CLANG_WARN_DEPRECATED_OBJC_IMPLEMENTATIONS = YES;
				CLANG_WARN_DIRECT_OBJC_ISA_USAGE = YES_ERROR;
				CLANG_WARN_DOCUMENTATION_COMMENTS = YES;
				CLANG_WARN_EMPTY_BODY = YES;
				CLANG_WARN_ENUM_CONVERSION = YES;
				CLANG_WARN_INFINITE_RECURSION = YES;
				CLANG_WARN_INT_CONVERSION = YES;
				CLANG_WARN_NON_LITERAL_NULL_CONVERSION = YES;
				CLANG_WARN_OBJC_IMPLICIT_RETAIN_SELF = YES;
				CLANG_WARN_OBJC_LITERAL_CONVERSION = YES;
				CLANG_WARN_OBJC_ROOT_CLASS = YES_ERROR;
				CLANG_WARN_QUOTED_INCLUDE_IN_FRAMEWORK_HEADER = YES;
				CLANG_WARN_RANGE_LOOP_ANALYSIS = YES;
				CLANG_WARN_STRICT_PROTOTYPES = YES;
				CLANG_WARN_SUSPICIOUS_MOVE = YES;
				CLANG_WARN_UNGUARDED_AVAILABILITY = YES_AGGRESSIVE;
				CLANG_WARN_UNREACHABLE_CODE = YES;
				CLANG_WARN__DUPLICATE_METHOD_MATCH = YES;
				COPY_PHASE_STRIP = NO;
				DEBUG_INFORMATION_FORMAT = "dwarf-with-dsym";
				ENABLE_NS_ASSERTIONS = NO;
				ENABLE_STRICT_OBJC_MSGSEND = YES;
				GCC_C_LANGUAGE_STANDARD = gnu11;
				GCC_NO_COMMON_BLOCKS = YES;
				GCC_WARN_64_TO_32_BIT_CONVERSION = YES;
				GCC_WARN_ABOUT_RETURN_TYPE = YES_ERROR;
				GCC_WARN_UNDECLARED_SELECTOR = YES;
				GCC_WARN_UNINITIALIZED_AUTOS = YES_AGGRESSIVE;
				GCC_WARN_UNUSED_FUNCTION = YES;
				GCC_WARN_UNUSED_VARIABLE = YES;
				IPHONEOS_DEPLOYMENT_TARGET = 16.2;
				MTL_ENABLE_DEBUG_INFO = NO;
				MTL_FAST_MATH = YES;
				SDKROOT = iphoneos;
				SWIFT_COMPILATION_MODE = wholemodule;
				SWIFT_OPTIMIZATION_LEVEL = "-O";
				VALIDATE_PRODUCT = YES;
			};
			name = Release;
		};
		492BC27829D2062900693157 /* Debug */ = {
			isa = XCBuildConfiguration;
			baseConfigurationReference = AC5D5525AEEAC282F299862A /* Pods-MovieSearch.debug.xcconfig */;
			buildSettings = {
				ASSETCATALOG_COMPILER_APPICON_NAME = AppIcon;
				ASSETCATALOG_COMPILER_GLOBAL_ACCENT_COLOR_NAME = AccentColor;
				CODE_SIGN_STYLE = Automatic;
				CURRENT_PROJECT_VERSION = 1;
				DEVELOPMENT_TEAM = PBS6J5S79S;
				GENERATE_INFOPLIST_FILE = YES;
				INFOPLIST_FILE = MovieSearch/Info.plist;
				INFOPLIST_KEY_UIApplicationSupportsIndirectInputEvents = YES;
				INFOPLIST_KEY_UILaunchStoryboardName = LaunchScreen;
				INFOPLIST_KEY_UIMainStoryboardFile = Main;
				INFOPLIST_KEY_UISupportedInterfaceOrientations_iPad = "UIInterfaceOrientationPortrait UIInterfaceOrientationPortraitUpsideDown UIInterfaceOrientationLandscapeLeft UIInterfaceOrientationLandscapeRight";
				INFOPLIST_KEY_UISupportedInterfaceOrientations_iPhone = "UIInterfaceOrientationPortrait UIInterfaceOrientationLandscapeLeft UIInterfaceOrientationLandscapeRight";
				IPHONEOS_DEPLOYMENT_TARGET = 15.0;
				LD_RUNPATH_SEARCH_PATHS = (
					"$(inherited)",
					"@executable_path/Frameworks",
				);
				MARKETING_VERSION = 1.0;
				PRODUCT_BUNDLE_IDENTIFIER = ua.org.zoromjavadev.MovieSearch;
				PRODUCT_NAME = "$(TARGET_NAME)";
				SWIFT_EMIT_LOC_STRINGS = YES;
				SWIFT_VERSION = 5.0;
				TARGETED_DEVICE_FAMILY = "1,2";
			};
			name = Debug;
		};
		492BC27929D2062900693157 /* Release */ = {
			isa = XCBuildConfiguration;
			baseConfigurationReference = 93306FA5B1A7F287F9BC70A7 /* Pods-MovieSearch.release.xcconfig */;
			buildSettings = {
				ASSETCATALOG_COMPILER_APPICON_NAME = AppIcon;
				ASSETCATALOG_COMPILER_GLOBAL_ACCENT_COLOR_NAME = AccentColor;
				CODE_SIGN_STYLE = Automatic;
				CURRENT_PROJECT_VERSION = 1;
				DEVELOPMENT_TEAM = PBS6J5S79S;
				GENERATE_INFOPLIST_FILE = YES;
				INFOPLIST_FILE = MovieSearch/Info.plist;
				INFOPLIST_KEY_UIApplicationSupportsIndirectInputEvents = YES;
				INFOPLIST_KEY_UILaunchStoryboardName = LaunchScreen;
				INFOPLIST_KEY_UIMainStoryboardFile = Main;
				INFOPLIST_KEY_UISupportedInterfaceOrientations_iPad = "UIInterfaceOrientationPortrait UIInterfaceOrientationPortraitUpsideDown UIInterfaceOrientationLandscapeLeft UIInterfaceOrientationLandscapeRight";
				INFOPLIST_KEY_UISupportedInterfaceOrientations_iPhone = "UIInterfaceOrientationPortrait UIInterfaceOrientationLandscapeLeft UIInterfaceOrientationLandscapeRight";
				IPHONEOS_DEPLOYMENT_TARGET = 15.0;
				LD_RUNPATH_SEARCH_PATHS = (
					"$(inherited)",
					"@executable_path/Frameworks",
				);
				MARKETING_VERSION = 1.0;
				PRODUCT_BUNDLE_IDENTIFIER = ua.org.zoromjavadev.MovieSearch;
				PRODUCT_NAME = "$(TARGET_NAME)";
				SWIFT_EMIT_LOC_STRINGS = YES;
				SWIFT_VERSION = 5.0;
				TARGETED_DEVICE_FAMILY = "1,2";
			};
			name = Release;
		};
/* End XCBuildConfiguration section */

/* Begin XCConfigurationList section */
		492BC25E29D2062700693157 /* Build configuration list for PBXProject "MovieSearch" */ = {
			isa = XCConfigurationList;
			buildConfigurations = (
				492BC27529D2062900693157 /* Debug */,
				492BC27629D2062900693157 /* Release */,
			);
			defaultConfigurationIsVisible = 0;
			defaultConfigurationName = Release;
		};
		492BC27729D2062900693157 /* Build configuration list for PBXNativeTarget "MovieSearch" */ = {
			isa = XCConfigurationList;
			buildConfigurations = (
				492BC27829D2062900693157 /* Debug */,
				492BC27929D2062900693157 /* Release */,
			);
			defaultConfigurationIsVisible = 0;
			defaultConfigurationName = Release;
		};
/* End XCConfigurationList section */
	};
	rootObject = 492BC25B29D2062700693157 /* Project object */;
}
